// !$*UTF8*$!
{
	archiveVersion = 1;
	classes = {
	};
	objectVersion = 46;
	objects = {

/* Begin PBXBuildFile section */
		F254EE1D1C12BE8600EC4F40 /* main.m in Sources */ = {isa = PBXBuildFile; fileRef = F254EE1C1C12BE8600EC4F40 /* main.m */; };
		F254EE201C12BE8600EC4F40 /* AppDelegate.m in Sources */ = {isa = PBXBuildFile; fileRef = F254EE1F1C12BE8600EC4F40 /* AppDelegate.m */; };
		F254EE231C12BE8600EC4F40 /* ViewController.m in Sources */ = {isa = PBXBuildFile; fileRef = F254EE221C12BE8600EC4F40 /* ViewController.m */; };
		F254EE261C12BE8600EC4F40 /* Main.storyboard in Resources */ = {isa = PBXBuildFile; fileRef = F254EE241C12BE8600EC4F40 /* Main.storyboard */; };
		F254EE281C12BE8600EC4F40 /* Assets.xcassets in Resources */ = {isa = PBXBuildFile; fileRef = F254EE271C12BE8600EC4F40 /* Assets.xcassets */; };
		F254EE2B1C12BE8600EC4F40 /* LaunchScreen.storyboard in Resources */ = {isa = PBXBuildFile; fileRef = F254EE291C12BE8600EC4F40 /* LaunchScreen.storyboard */; };
		F254EE3B1C12BEEB00EC4F40 /* FileCacheManager.m in Sources */ = {isa = PBXBuildFile; fileRef = F254EE341C12BEEB00EC4F40 /* FileCacheManager.m */; };
		F254EE3C1C12BEEB00EC4F40 /* FileCacheOperation.m in Sources */ = {isa = PBXBuildFile; fileRef = F254EE361C12BEEB00EC4F40 /* FileCacheOperation.m */; };
		F254EE3D1C12BEEB00EC4F40 /* FileCacheOperationManager.m in Sources */ = {isa = PBXBuildFile; fileRef = F254EE381C12BEEB00EC4F40 /* FileCacheOperationManager.m */; };
		F254EE3E1C12BEEB00EC4F40 /* NXOperation.m in Sources */ = {isa = PBXBuildFile; fileRef = F254EE3A1C12BEEB00EC4F40 /* NXOperation.m */; };
		F254EE431C12D79B00EC4F40 /* SongCiDataCacheConfiguration.m in Sources */ = {isa = PBXBuildFile; fileRef = F254EE421C12D79B00EC4F40 /* SongCiDataCacheConfiguration.m */; };
		F254EE461C12D95C00EC4F40 /* SongCiCacheOperationManager.m in Sources */ = {isa = PBXBuildFile; fileRef = F254EE451C12D95C00EC4F40 /* SongCiCacheOperationManager.m */; };
/* End PBXBuildFile section */

/* Begin PBXFileReference section */
		F254EE181C12BE8600EC4F40 /* CacheFileDemo.app */ = {isa = PBXFileReference; explicitFileType = wrapper.application; includeInIndex = 0; path = CacheFileDemo.app; sourceTree = BUILT_PRODUCTS_DIR; };
		F254EE1C1C12BE8600EC4F40 /* main.m */ = {isa = PBXFileReference; lastKnownFileType = sourcecode.c.objc; path = main.m; sourceTree = "<group>"; };
		F254EE1E1C12BE8600EC4F40 /* AppDelegate.h */ = {isa = PBXFileReference; lastKnownFileType = sourcecode.c.h; path = AppDelegate.h; sourceTree = "<group>"; };
		F254EE1F1C12BE8600EC4F40 /* AppDelegate.m */ = {isa = PBXFileReference; lastKnownFileType = sourcecode.c.objc; path = AppDelegate.m; sourceTree = "<group>"; };
		F254EE211C12BE8600EC4F40 /* ViewController.h */ = {isa = PBXFileReference; lastKnownFileType = sourcecode.c.h; path = ViewController.h; sourceTree = "<group>"; };
		F254EE221C12BE8600EC4F40 /* ViewController.m */ = {isa = PBXFileReference; lastKnownFileType = sourcecode.c.objc; path = ViewController.m; sourceTree = "<group>"; };
		F254EE251C12BE8600EC4F40 /* Base */ = {isa = PBXFileReference; lastKnownFileType = file.storyboard; name = Base; path = Base.lproj/Main.storyboard; sourceTree = "<group>"; };
		F254EE271C12BE8600EC4F40 /* Assets.xcassets */ = {isa = PBXFileReference; lastKnownFileType = folder.assetcatalog; path = Assets.xcassets; sourceTree = "<group>"; };
		F254EE2A1C12BE8600EC4F40 /* Base */ = {isa = PBXFileReference; lastKnownFileType = file.storyboard; name = Base; path = Base.lproj/LaunchScreen.storyboard; sourceTree = "<group>"; };
		F254EE2C1C12BE8600EC4F40 /* Info.plist */ = {isa = PBXFileReference; lastKnownFileType = text.plist.xml; path = Info.plist; sourceTree = "<group>"; };
		F254EE331C12BEEB00EC4F40 /* FileCacheManager.h */ = {isa = PBXFileReference; fileEncoding = 4; lastKnownFileType = sourcecode.c.h; path = FileCacheManager.h; sourceTree = "<group>"; };
		F254EE341C12BEEB00EC4F40 /* FileCacheManager.m */ = {isa = PBXFileReference; fileEncoding = 4; lastKnownFileType = sourcecode.c.objc; path = FileCacheManager.m; sourceTree = "<group>"; };
		F254EE351C12BEEB00EC4F40 /* FileCacheOperation.h */ = {isa = PBXFileReference; fileEncoding = 4; lastKnownFileType = sourcecode.c.h; path = FileCacheOperation.h; sourceTree = "<group>"; };
		F254EE361C12BEEB00EC4F40 /* FileCacheOperation.m */ = {isa = PBXFileReference; fileEncoding = 4; lastKnownFileType = sourcecode.c.objc; path = FileCacheOperation.m; sourceTree = "<group>"; };
		F254EE371C12BEEB00EC4F40 /* FileCacheOperationManager.h */ = {isa = PBXFileReference; fileEncoding = 4; lastKnownFileType = sourcecode.c.h; path = FileCacheOperationManager.h; sourceTree = "<group>"; };
		F254EE381C12BEEB00EC4F40 /* FileCacheOperationManager.m */ = {isa = PBXFileReference; fileEncoding = 4; lastKnownFileType = sourcecode.c.objc; path = FileCacheOperationManager.m; sourceTree = "<group>"; };
		F254EE391C12BEEB00EC4F40 /* NXOperation.h */ = {isa = PBXFileReference; fileEncoding = 4; lastKnownFileType = sourcecode.c.h; name = NXOperation.h; path = ../NXOperation.h; sourceTree = "<group>"; };
		F254EE3A1C12BEEB00EC4F40 /* NXOperation.m */ = {isa = PBXFileReference; fileEncoding = 4; lastKnownFileType = sourcecode.c.objc; name = NXOperation.m; path = ../NXOperation.m; sourceTree = "<group>"; };
		F254EE411C12D79B00EC4F40 /* SongCiDataCacheConfiguration.h */ = {isa = PBXFileReference; fileEncoding = 4; lastKnownFileType = sourcecode.c.h; path = SongCiDataCacheConfiguration.h; sourceTree = "<group>"; };
		F254EE421C12D79B00EC4F40 /* SongCiDataCacheConfiguration.m */ = {isa = PBXFileReference; fileEncoding = 4; lastKnownFileType = sourcecode.c.objc; path = SongCiDataCacheConfiguration.m; sourceTree = "<group>"; };
		F254EE441C12D95C00EC4F40 /* SongCiCacheOperationManager.h */ = {isa = PBXFileReference; fileEncoding = 4; lastKnownFileType = sourcecode.c.h; path = SongCiCacheOperationManager.h; sourceTree = "<group>"; };
		F254EE451C12D95C00EC4F40 /* SongCiCacheOperationManager.m */ = {isa = PBXFileReference; fileEncoding = 4; lastKnownFileType = sourcecode.c.objc; path = SongCiCacheOperationManager.m; sourceTree = "<group>"; };
/* End PBXFileReference section */

/* Begin PBXFrameworksBuildPhase section */
		F254EE151C12BE8600EC4F40 /* Frameworks */ = {
			isa = PBXFrameworksBuildPhase;
			buildActionMask = 2147483647;
			files = (
			);
			runOnlyForDeploymentPostprocessing = 0;
		};
/* End PBXFrameworksBuildPhase section */

/* Begin PBXGroup section */
		F254EE0F1C12BE8600EC4F40 = {
			isa = PBXGroup;
			children = (
				F254EE391C12BEEB00EC4F40 /* NXOperation.h */,
				F254EE3A1C12BEEB00EC4F40 /* NXOperation.m */,
				F254EE321C12BEEB00EC4F40 /* FileCacheManager */,
				F254EE1A1C12BE8600EC4F40 /* CacheFileDemo */,
				F254EE191C12BE8600EC4F40 /* Products */,
			);
			sourceTree = "<group>";
		};
		F254EE191C12BE8600EC4F40 /* Products */ = {
			isa = PBXGroup;
			children = (
				F254EE181C12BE8600EC4F40 /* CacheFileDemo.app */,
			);
			name = Products;
			sourceTree = "<group>";
		};
		F254EE1A1C12BE8600EC4F40 /* CacheFileDemo */ = {
			isa = PBXGroup;
			children = (
				F254EE401C12D6A100EC4F40 /* SongCiDataCache */,
				F254EE1E1C12BE8600EC4F40 /* AppDelegate.h */,
				F254EE1F1C12BE8600EC4F40 /* AppDelegate.m */,
				F254EE211C12BE8600EC4F40 /* ViewController.h */,
				F254EE221C12BE8600EC4F40 /* ViewController.m */,
				F254EE241C12BE8600EC4F40 /* Main.storyboard */,
				F254EE271C12BE8600EC4F40 /* Assets.xcassets */,
				F254EE291C12BE8600EC4F40 /* LaunchScreen.storyboard */,
				F254EE2C1C12BE8600EC4F40 /* Info.plist */,
				F254EE1B1C12BE8600EC4F40 /* Supporting Files */,
			);
			path = CacheFileDemo;
			sourceTree = "<group>";
		};
		F254EE1B1C12BE8600EC4F40 /* Supporting Files */ = {
			isa = PBXGroup;
			children = (
				F254EE1C1C12BE8600EC4F40 /* main.m */,
			);
			name = "Supporting Files";
			sourceTree = "<group>";
		};
		F254EE321C12BEEB00EC4F40 /* FileCacheManager */ = {
			isa = PBXGroup;
			children = (
				F254EE331C12BEEB00EC4F40 /* FileCacheManager.h */,
				F254EE341C12BEEB00EC4F40 /* FileCacheManager.m */,
				F254EE351C12BEEB00EC4F40 /* FileCacheOperation.h */,
				F254EE361C12BEEB00EC4F40 /* FileCacheOperation.m */,
				F254EE371C12BEEB00EC4F40 /* FileCacheOperationManager.h */,
				F254EE381C12BEEB00EC4F40 /* FileCacheOperationManager.m */,
			);
			name = FileCacheManager;
			path = ../FileCacheManager;
			sourceTree = "<group>";
		};
		F254EE401C12D6A100EC4F40 /* SongCiDataCache */ = {
			isa = PBXGroup;
			children = (
				F254EE411C12D79B00EC4F40 /* SongCiDataCacheConfiguration.h */,
				F254EE421C12D79B00EC4F40 /* SongCiDataCacheConfiguration.m */,
				F254EE441C12D95C00EC4F40 /* SongCiCacheOperationManager.h */,
				F254EE451C12D95C00EC4F40 /* SongCiCacheOperationManager.m */,
			);
			path = SongCiDataCache;
			sourceTree = "<group>";
		};
/* End PBXGroup section */

/* Begin PBXNativeTarget section */
		F254EE171C12BE8600EC4F40 /* CacheFileDemo */ = {
			isa = PBXNativeTarget;
			buildConfigurationList = F254EE2F1C12BE8600EC4F40 /* Build configuration list for PBXNativeTarget "CacheFileDemo" */;
			buildPhases = (
				F254EE141C12BE8600EC4F40 /* Sources */,
				F254EE151C12BE8600EC4F40 /* Frameworks */,
				F254EE161C12BE8600EC4F40 /* Resources */,
			);
			buildRules = (
			);
			dependencies = (
			);
			name = CacheFileDemo;
			productName = CacheFileDemo;
			productReference = F254EE181C12BE8600EC4F40 /* CacheFileDemo.app */;
			productType = "com.apple.product-type.application";
		};
/* End PBXNativeTarget section */

/* Begin PBXProject section */
		F254EE101C12BE8600EC4F40 /* Project object */ = {
			isa = PBXProject;
			attributes = {
				LastUpgradeCheck = 0710;
				ORGANIZATIONNAME = "李仁兵";
				TargetAttributes = {
					F254EE171C12BE8600EC4F40 = {
						CreatedOnToolsVersion = 7.1.1;
					};
				};
			};
			buildConfigurationList = F254EE131C12BE8600EC4F40 /* Build configuration list for PBXProject "CacheFileDemo" */;
			compatibilityVersion = "Xcode 3.2";
			developmentRegion = English;
			hasScannedForEncodings = 0;
			knownRegions = (
				en,
				Base,
			);
			mainGroup = F254EE0F1C12BE8600EC4F40;
			productRefGroup = F254EE191C12BE8600EC4F40 /* Products */;
			projectDirPath = "";
			projectRoot = "";
			targets = (
				F254EE171C12BE8600EC4F40 /* CacheFileDemo */,
			);
		};
/* End PBXProject section */

/* Begin PBXResourcesBuildPhase section */
		F254EE161C12BE8600EC4F40 /* Resources */ = {
			isa = PBXResourcesBuildPhase;
			buildActionMask = 2147483647;
			files = (
				F254EE2B1C12BE8600EC4F40 /* LaunchScreen.storyboard in Resources */,
				F254EE281C12BE8600EC4F40 /* Assets.xcassets in Resources */,
				F254EE261C12BE8600EC4F40 /* Main.storyboard in Resources */,
			);
			runOnlyForDeploymentPostprocessing = 0;
		};
/* End PBXResourcesBuildPhase section */

/* Begin PBXSourcesBuildPhase section */
		F254EE141C12BE8600EC4F40 /* Sources */ = {
			isa = PBXSourcesBuildPhase;
			buildActionMask = 2147483647;
			files = (
				F254EE3B1C12BEEB00EC4F40 /* FileCacheManager.m in Sources */,
				F254EE461C12D95C00EC4F40 /* SongCiCacheOperationManager.m in Sources */,
				F254EE3E1C12BEEB00EC4F40 /* NXOperation.m in Sources */,
				F254EE431C12D79B00EC4F40 /* SongCiDataCacheConfiguration.m in Sources */,
				F254EE231C12BE8600EC4F40 /* ViewController.m in Sources */,
				F254EE201C12BE8600EC4F40 /* AppDelegate.m in Sources */,
				F254EE1D1C12BE8600EC4F40 /* main.m in Sources */,
				F254EE3D1C12BEEB00EC4F40 /* FileCacheOperationManager.m in Sources */,
				F254EE3C1C12BEEB00EC4F40 /* FileCacheOperation.m in Sources */,
			);
			runOnlyForDeploymentPostprocessing = 0;
		};
/* End PBXSourcesBuildPhase section */

/* Begin PBXVariantGroup section */
		F254EE241C12BE8600EC4F40 /* Main.storyboard */ = {
			isa = PBXVariantGroup;
			children = (
				F254EE251C12BE8600EC4F40 /* Base */,
			);
			name = Main.storyboard;
			sourceTree = "<group>";
		};
		F254EE291C12BE8600EC4F40 /* LaunchScreen.storyboard */ = {
			isa = PBXVariantGroup;
			children = (
				F254EE2A1C12BE8600EC4F40 /* Base */,
			);
			name = LaunchScreen.storyboard;
			sourceTree = "<group>";
		};
/* End PBXVariantGroup section */

/* Begin XCBuildConfiguration section */
		F254EE2D1C12BE8600EC4F40 /* Debug */ = {
			isa = XCBuildConfiguration;
			buildSettings = {
				ALWAYS_SEARCH_USER_PATHS = NO;
				CLANG_CXX_LANGUAGE_STANDARD = "gnu++0x";
				CLANG_CXX_LIBRARY = "libc++";
				CLANG_ENABLE_MODULES = YES;
				CLANG_ENABLE_OBJC_ARC = YES;
				CLANG_WARN_BOOL_CONVERSION = YES;
				CLANG_WARN_CONSTANT_CONVERSION = YES;
				CLANG_WARN_DIRECT_OBJC_ISA_USAGE = YES_ERROR;
				CLANG_WARN_EMPTY_BODY = YES;
				CLANG_WARN_ENUM_CONVERSION = YES;
				CLANG_WARN_INT_CONVERSION = YES;
				CLANG_WARN_OBJC_ROOT_CLASS = YES_ERROR;
				CLANG_WARN_UNREACHABLE_CODE = YES;
				CLANG_WARN__DUPLICATE_METHOD_MATCH = YES;
				"CODE_SIGN_IDENTITY[sdk=iphoneos*]" = "iPhone Developer";
				COPY_PHASE_STRIP = NO;
				DEBUG_INFORMATION_FORMAT = dwarf;
				ENABLE_STRICT_OBJC_MSGSEND = YES;
				ENABLE_TESTABILITY = YES;
				GCC_C_LANGUAGE_STANDARD = gnu99;
				GCC_DYNAMIC_NO_PIC = NO;
				GCC_NO_COMMON_BLOCKS = YES;
				GCC_OPTIMIZATION_LEVEL = 0;
				GCC_PREPROCESSOR_DEFINITIONS = (
					"DEBUG=1",
					"$(inherited)",
				);
				GCC_WARN_64_TO_32_BIT_CONVERSION = YES;
				GCC_WARN_ABOUT_RETURN_TYPE = YES_ERROR;
				GCC_WARN_UNDECLARED_SELECTOR = YES;
				GCC_WARN_UNINITIALIZED_AUTOS = YES_AGGRESSIVE;
				GCC_WARN_UNUSED_FUNCTION = YES;
				GCC_WARN_UNUSED_VARIABLE = YES;
				IPHONEOS_DEPLOYMENT_TARGET = 9.1;
				MTL_ENABLE_DEBUG_INFO = YES;
				ONLY_ACTIVE_ARCH = YES;
				SDKROOT = iphoneos;
			};
			name = Debug;
		};
		F254EE2E1C12BE8600EC4F40 /* Release */ = {
			isa = XCBuildConfiguration;
			buildSettings = {
				ALWAYS_SEARCH_USER_PATHS = NO;
				CLANG_CXX_LANGUAGE_STANDARD = "gnu++0x";
				CLANG_CXX_LIBRARY = "libc++";
				CLANG_ENABLE_MODULES = YES;
				CLANG_ENABLE_OBJC_ARC = YES;
				CLANG_WARN_BOOL_CONVERSION = YES;
				CLANG_WARN_CONSTANT_CONVERSION = YES;
				CLANG_WARN_DIRECT_OBJC_ISA_USAGE = YES_ERROR;
				CLANG_WARN_EMPTY_BODY = YES;
				CLANG_WARN_ENUM_CONVERSION = YES;
				CLANG_WARN_INT_CONVERSION = YES;
				CLANG_WARN_OBJC_ROOT_CLASS = YES_ERROR;
				CLANG_WARN_UNREACHABLE_CODE = YES;
				CLANG_WARN__DUPLICATE_METHOD_MATCH = YES;
				"CODE_SIGN_IDENTITY[sdk=iphoneos*]" = "iPhone Developer";
				COPY_PHASE_STRIP = NO;
				DEBUG_INFORMATION_FORMAT = "dwarf-with-dsym";
				ENABLE_NS_ASSERTIONS = NO;
				ENABLE_STRICT_OBJC_MSGSEND = YES;
				GCC_C_LANGUAGE_STANDARD = gnu99;
				GCC_NO_COMMON_BLOCKS = YES;
				GCC_WARN_64_TO_32_BIT_CONVERSION = YES;
				GCC_WARN_ABOUT_RETURN_TYPE = YES_ERROR;
				GCC_WARN_UNDECLARED_SELECTOR = YES;
				GCC_WARN_UNINITIALIZED_AUTOS = YES_AGGRESSIVE;
				GCC_WARN_UNUSED_FUNCTION = YES;
				GCC_WARN_UNUSED_VARIABLE = YES;
				IPHONEOS_DEPLOYMENT_TARGET = 9.1;
				MTL_ENABLE_DEBUG_INFO = NO;
				SDKROOT = iphoneos;
				VALIDATE_PRODUCT = YES;
			};
			name = Release;
		};
		F254EE301C12BE8600EC4F40 /* Debug */ = {
			isa = XCBuildConfiguration;
			buildSettings = {
				ASSETCATALOG_COMPILER_APPICON_NAME = AppIcon;
				INFOPLIST_FILE = CacheFileDemo/Info.plist;
				LD_RUNPATH_SEARCH_PATHS = "$(inherited) @executable_path/Frameworks";
				PRODUCT_BUNDLE_IDENTIFIER = Nxin.com.cn.CacheFileDemo;
				PRODUCT_NAME = "$(TARGET_NAME)";
			};
			name = Debug;
		};
		F254EE311C12BE8600EC4F40 /* Release */ = {
			isa = XCBuildConfiguration;
			buildSettings = {
				ASSETCATALOG_COMPILER_APPICON_NAME = AppIcon;
				INFOPLIST_FILE = CacheFileDemo/Info.plist;
				LD_RUNPATH_SEARCH_PATHS = "$(inherited) @executable_path/Frameworks";
				PRODUCT_BUNDLE_IDENTIFIER = Nxin.com.cn.CacheFileDemo;
				PRODUCT_NAME = "$(TARGET_NAME)";
			};
			name = Release;
		};
/* End XCBuildConfiguration section */

/* Begin XCConfigurationList section */
		F254EE131C12BE8600EC4F40 /* Build configuration list for PBXProject "CacheFileDemo" */ = {
			isa = XCConfigurationList;
			buildConfigurations = (
				F254EE2D1C12BE8600EC4F40 /* Debug */,
				F254EE2E1C12BE8600EC4F40 /* Release */,
			);
			defaultConfigurationIsVisible = 0;
			defaultConfigurationName = Release;
		};
		F254EE2F1C12BE8600EC4F40 /* Build configuration list for PBXNativeTarget "CacheFileDemo" */ = {
			isa = XCConfigurationList;
			buildConfigurations = (
				F254EE301C12BE8600EC4F40 /* Debug */,
				F254EE311C12BE8600EC4F40 /* Release */,
			);
			defaultConfigurationIsVisible = 0;
		};
/* End XCConfigurationList section */
	};
	rootObject = F254EE101C12BE8600EC4F40 /* Project object */;
}
